// !$*UTF8*$!
{
	archiveVersion = 1;
	classes = {
	};
	objectVersion = 50;
	objects = {

/* Begin PBXBuildFile section */
		33253D9E2485C02A00369F84 /* Pie.swift in Sources */ = {isa = PBXBuildFile; fileRef = 33253D9D2485C02A00369F84 /* Pie.swift */; };
		333FE7102474466900DCB85E /* AppDelegate.swift in Sources */ = {isa = PBXBuildFile; fileRef = 333FE70F2474466900DCB85E /* AppDelegate.swift */; };
		333FE7122474466900DCB85E /* SceneDelegate.swift in Sources */ = {isa = PBXBuildFile; fileRef = 333FE7112474466900DCB85E /* SceneDelegate.swift */; };
		333FE7142474466900DCB85E /* EmojiMemoryGameView.swift in Sources */ = {isa = PBXBuildFile; fileRef = 333FE7132474466900DCB85E /* EmojiMemoryGameView.swift */; };
		333FE7162474466F00DCB85E /* Assets.xcassets in Resources */ = {isa = PBXBuildFile; fileRef = 333FE7152474466F00DCB85E /* Assets.xcassets */; };
		333FE7192474466F00DCB85E /* Preview Assets.xcassets in Resources */ = {isa = PBXBuildFile; fileRef = 333FE7182474466F00DCB85E /* Preview Assets.xcassets */; };
		333FE71C2474466F00DCB85E /* LaunchScreen.storyboard in Resources */ = {isa = PBXBuildFile; fileRef = 333FE71A2474466F00DCB85E /* LaunchScreen.storyboard */; };
		333FE724247496E400DCB85E /* MemoryGame.swift in Sources */ = {isa = PBXBuildFile; fileRef = 333FE723247496E400DCB85E /* MemoryGame.swift */; };
		333FE726247498E600DCB85E /* EmojiMemoryGame.swift in Sources */ = {isa = PBXBuildFile; fileRef = 333FE725247498E600DCB85E /* EmojiMemoryGame.swift */; };
		3399CE1A247DD27800A328FD /* Grid.swift in Sources */ = {isa = PBXBuildFile; fileRef = 3399CE19247DD27800A328FD /* Grid.swift */; };
		3399CE1C247DD84F00A328FD /* GridLayout.swift in Sources */ = {isa = PBXBuildFile; fileRef = 3399CE1B247DD84F00A328FD /* GridLayout.swift */; };
/* End PBXBuildFile section */

/* Begin PBXFileReference section */
		33253D9D2485C02A00369F84 /* Pie.swift */ = {isa = PBXFileReference; lastKnownFileType = sourcecode.swift; path = Pie.swift; sourceTree = "<group>"; };
		333FE70C2474466900DCB85E /* Memorise.app */ = {isa = PBXFileReference; explicitFileType = wrapper.application; includeInIndex = 0; path = Memorise.app; sourceTree = BUILT_PRODUCTS_DIR; };
		333FE70F2474466900DCB85E /* AppDelegate.swift */ = {isa = PBXFileReference; lastKnownFileType = sourcecode.swift; path = AppDelegate.swift; sourceTree = "<group>"; };
		333FE7112474466900DCB85E /* SceneDelegate.swift */ = {isa = PBXFileReference; lastKnownFileType = sourcecode.swift; path = SceneDelegate.swift; sourceTree = "<group>"; };
		333FE7132474466900DCB85E /* EmojiMemoryGameView.swift */ = {isa = PBXFileReference; lastKnownFileType = sourcecode.swift; path = EmojiMemoryGameView.swift; sourceTree = "<group>"; };
		333FE7152474466F00DCB85E /* Assets.xcassets */ = {isa = PBXFileReference; lastKnownFileType = folder.assetcatalog; path = Assets.xcassets; sourceTree = "<group>"; };
		333FE7182474466F00DCB85E /* Preview Assets.xcassets */ = {isa = PBXFileReference; lastKnownFileType = folder.assetcatalog; path = "Preview Assets.xcassets"; sourceTree = "<group>"; };
		333FE71B2474466F00DCB85E /* Base */ = {isa = PBXFileReference; lastKnownFileType = file.storyboard; name = Base; path = Base.lproj/LaunchScreen.storyboard; sourceTree = "<group>"; };
		333FE71D2474466F00DCB85E /* Info.plist */ = {isa = PBXFileReference; lastKnownFileType = text.plist.xml; path = Info.plist; sourceTree = "<group>"; };
		333FE723247496E400DCB85E /* MemoryGame.swift */ = {isa = PBXFileReference; lastKnownFileType = sourcecode.swift; path = MemoryGame.swift; sourceTree = "<group>"; };
		333FE725247498E600DCB85E /* EmojiMemoryGame.swift */ = {isa = PBXFileReference; lastKnownFileType = sourcecode.swift; path = EmojiMemoryGame.swift; sourceTree = "<group>"; };
		3399CE19247DD27800A328FD /* Grid.swift */ = {isa = PBXFileReference; lastKnownFileType = sourcecode.swift; path = Grid.swift; sourceTree = "<group>"; };
		3399CE1B247DD84F00A328FD /* GridLayout.swift */ = {isa = PBXFileReference; fileEncoding = 4; lastKnownFileType = sourcecode.swift; path = GridLayout.swift; sourceTree = "<group>"; };
/* End PBXFileReference section */

/* Begin PBXFrameworksBuildPhase section */
		333FE7092474466900DCB85E /* Frameworks */ = {
			isa = PBXFrameworksBuildPhase;
			buildActionMask = 2147483647;
			files = (
			);
			runOnlyForDeploymentPostprocessing = 0;
		};
/* End PBXFrameworksBuildPhase section */

/* Begin PBXGroup section */
		333FE7032474466900DCB85E = {
			isa = PBXGroup;
			children = (
				333FE70E2474466900DCB85E /* Memorise */,
				333FE70D2474466900DCB85E /* Products */,
			);
			sourceTree = "<group>";
		};
		333FE70D2474466900DCB85E /* Products */ = {
			isa = PBXGroup;
			children = (
				333FE70C2474466900DCB85E /* Memorise.app */,
			);
			name = Products;
			sourceTree = "<group>";
		};
		333FE70E2474466900DCB85E /* Memorise */ = {
			isa = PBXGroup;
			children = (
				333FE723247496E400DCB85E /* MemoryGame.swift */,
				333FE725247498E600DCB85E /* EmojiMemoryGame.swift */,
				33253D9D2485C02A00369F84 /* Pie.swift */,
				333FE70F2474466900DCB85E /* AppDelegate.swift */,
				333FE7112474466900DCB85E /* SceneDelegate.swift */,
				333FE7132474466900DCB85E /* EmojiMemoryGameView.swift */,
				3399CE19247DD27800A328FD /* Grid.swift */,
				3399CE1B247DD84F00A328FD /* GridLayout.swift */,
				333FE7152474466F00DCB85E /* Assets.xcassets */,
				333FE71A2474466F00DCB85E /* LaunchScreen.storyboard */,
				333FE71D2474466F00DCB85E /* Info.plist */,
				333FE7172474466F00DCB85E /* Preview Content */,
			);
			path = Memorise;
			sourceTree = "<group>";
		};
		333FE7172474466F00DCB85E /* Preview Content */ = {
			isa = PBXGroup;
			children = (
				333FE7182474466F00DCB85E /* Preview Assets.xcassets */,
			);
			path = "Preview Content";
			sourceTree = "<group>";
		};
/* End PBXGroup section */

/* Begin PBXNativeTarget section */
		333FE70B2474466900DCB85E /* Memorise */ = {
			isa = PBXNativeTarget;
			buildConfigurationList = 333FE7202474466F00DCB85E /* Build configuration list for PBXNativeTarget "Memorise" */;
			buildPhases = (
				333FE7082474466900DCB85E /* Sources */,
				333FE7092474466900DCB85E /* Frameworks */,
				333FE70A2474466900DCB85E /* Resources */,
			);
			buildRules = (
			);
			dependencies = (
			);
			name = Memorise;
			productName = Memorise;
			productReference = 333FE70C2474466900DCB85E /* Memorise.app */;
			productType = "com.apple.product-type.application";
		};
/* End PBXNativeTarget section */

/* Begin PBXProject section */
		333FE7042474466900DCB85E /* Project object */ = {
			isa = PBXProject;
			attributes = {
				LastSwiftUpdateCheck = 1140;
				LastUpgradeCheck = 1140;
				ORGANIZATIONNAME = "Dimitar Chakarov";
				TargetAttributes = {
					333FE70B2474466900DCB85E = {
						CreatedOnToolsVersion = 11.4.1;
					};
				};
			};
			buildConfigurationList = 333FE7072474466900DCB85E /* Build configuration list for PBXProject "Memorise" */;
			compatibilityVersion = "Xcode 9.3";
			developmentRegion = en;
			hasScannedForEncodings = 0;
			knownRegions = (
				en,
				Base,
			);
			mainGroup = 333FE7032474466900DCB85E;
			productRefGroup = 333FE70D2474466900DCB85E /* Products */;
			projectDirPath = "";
			projectRoot = "";
			targets = (
				333FE70B2474466900DCB85E /* Memorise */,
			);
		};
/* End PBXProject section */

/* Begin PBXResourcesBuildPhase section */
		333FE70A2474466900DCB85E /* Resources */ = {
			isa = PBXResourcesBuildPhase;
			buildActionMask = 2147483647;
			files = (
				333FE71C2474466F00DCB85E /* LaunchScreen.storyboard in Resources */,
				333FE7192474466F00DCB85E /* Preview Assets.xcassets in Resources */,
				333FE7162474466F00DCB85E /* Assets.xcassets in Resources */,
			);
			runOnlyForDeploymentPostprocessing = 0;
		};
/* End PBXResourcesBuildPhase section */

/* Begin PBXSourcesBuildPhase section */
		333FE7082474466900DCB85E /* Sources */ = {
			isa = PBXSourcesBuildPhase;
			buildActionMask = 2147483647;
			files = (
				333FE7102474466900DCB85E /* AppDelegate.swift in Sources */,
				333FE7122474466900DCB85E /* SceneDelegate.swift in Sources */,
				33253D9E2485C02A00369F84 /* Pie.swift in Sources */,
				333FE724247496E400DCB85E /* MemoryGame.swift in Sources */,
				333FE7142474466900DCB85E /* EmojiMemoryGameView.swift in Sources */,
				333FE726247498E600DCB85E /* EmojiMemoryGame.swift in Sources */,
				3399CE1C247DD84F00A328FD /* GridLayout.swift in Sources */,
				3399CE1A247DD27800A328FD /* Grid.swift in Sources */,
			);
			runOnlyForDeploymentPostprocessing = 0;
		};
/* End PBXSourcesBuildPhase section */

/* Begin PBXVariantGroup section */
		333FE71A2474466F00DCB85E /* LaunchScreen.storyboard */ = {
			isa = PBXVariantGroup;
			children = (
				333FE71B2474466F00DCB85E /* Base */,
			);
			name = LaunchScreen.storyboard;
			sourceTree = "<group>";
		};
/* End PBXVariantGroup section */

/* Begin XCBuildConfiguration section */
		333FE71E2474466F00DCB85E /* Debug */ = {
			isa = XCBuildConfiguration;
			buildSettings = {
				ALWAYS_SEARCH_USER_PATHS = NO;
				CLANG_ANALYZER_NONNULL = YES;
				CLANG_ANALYZER_NUMBER_OBJECT_CONVERSION = YES_AGGRESSIVE;
				CLANG_CXX_LANGUAGE_STANDARD = "gnu++14";
				CLANG_CXX_LIBRARY = "libc++";
				CLANG_ENABLE_MODULES = YES;
				CLANG_ENABLE_OBJC_ARC = YES;
				CLANG_ENABLE_OBJC_WEAK = YES;
				CLANG_WARN_BLOCK_CAPTURE_AUTORELEASING = YES;
				CLANG_WARN_BOOL_CONVERSION = YES;
				CLANG_WARN_COMMA = YES;
				CLANG_WARN_CONSTANT_CONVERSION = YES;
				CLANG_WARN_DEPRECATED_OBJC_IMPLEMENTATIONS = YES;
				CLANG_WARN_DIRECT_OBJC_ISA_USAGE = YES_ERROR;
				CLANG_WARN_DOCUMENTATION_COMMENTS = YES;
				CLANG_WARN_EMPTY_BODY = YES;
				CLANG_WARN_ENUM_CONVERSION = YES;
				CLANG_WARN_INFINITE_RECURSION = YES;
				CLANG_WARN_INT_CONVERSION = YES;
				CLANG_WARN_NON_LITERAL_NULL_CONVERSION = YES;
				CLANG_WARN_OBJC_IMPLICIT_RETAIN_SELF = YES;
				CLANG_WARN_OBJC_LITERAL_CONVERSION = YES;
				CLANG_WARN_OBJC_ROOT_CLASS = YES_ERROR;
				CLANG_WARN_RANGE_LOOP_ANALYSIS = YES;
				CLANG_WARN_STRICT_PROTOTYPES = YES;
				CLANG_WARN_SUSPICIOUS_MOVE = YES;
				CLANG_WARN_UNGUARDED_AVAILABILITY = YES_AGGRESSIVE;
				CLANG_WARN_UNREACHABLE_CODE = YES;
				CLANG_WARN__DUPLICATE_METHOD_MATCH = YES;
				COPY_PHASE_STRIP = NO;
				DEBUG_INFORMATION_FORMAT = dwarf;
				ENABLE_STRICT_OBJC_MSGSEND = YES;
				ENABLE_TESTABILITY = YES;
				GCC_C_LANGUAGE_STANDARD = gnu11;
				GCC_DYNAMIC_NO_PIC = NO;
				GCC_NO_COMMON_BLOCKS = YES;
				GCC_OPTIMIZATION_LEVEL = 0;
				GCC_PREPROCESSOR_DEFINITIONS = (
					"DEBUG=1",
					"$(inherited)",
				);
				GCC_WARN_64_TO_32_BIT_CONVERSION = YES;
				GCC_WARN_ABOUT_RETURN_TYPE = YES_ERROR;
				GCC_WARN_UNDECLARED_SELECTOR = YES;
				GCC_WARN_UNINITIALIZED_AUTOS = YES_AGGRESSIVE;
				GCC_WARN_UNUSED_FUNCTION = YES;
				GCC_WARN_UNUSED_VARIABLE = YES;
				IPHONEOS_DEPLOYMENT_TARGET = 13.4;
				MTL_ENABLE_DEBUG_INFO = INCLUDE_SOURCE;
				MTL_FAST_MATH = YES;
				ONLY_ACTIVE_ARCH = YES;
				SDKROOT = iphoneos;
				SWIFT_ACTIVE_COMPILATION_CONDITIONS = DEBUG;
				SWIFT_OPTIMIZATION_LEVEL = "-Onone";
			};
			name = Debug;
		};
		333FE71F2474466F00DCB85E /* Release */ = {
			isa = XCBuildConfiguration;
			buildSettings = {
				ALWAYS_SEARCH_USER_PATHS = NO;
				CLANG_ANALYZER_NONNULL = YES;
				CLANG_ANALYZER_NUMBER_OBJECT_CONVERSION = YES_AGGRESSIVE;
				CLANG_CXX_LANGUAGE_STANDARD = "gnu++14";
				CLANG_CXX_LIBRARY = "libc++";
				CLANG_ENABLE_MODULES = YES;
				CLANG_ENABLE_OBJC_ARC = YES;
				CLANG_ENABLE_OBJC_WEAK = YES;
				CLANG_WARN_BLOCK_CAPTURE_AUTORELEASING = YES;
				CLANG_WARN_BOOL_CONVERSION = YES;
				CLANG_WARN_COMMA = YES;
				CLANG_WARN_CONSTANT_CONVERSION = YES;
				CLANG_WARN_DEPRECATED_OBJC_IMPLEMENTATIONS = YES;
				CLANG_WARN_DIRECT_OBJC_ISA_USAGE = YES_ERROR;
				CLANG_WARN_DOCUMENTATION_COMMENTS = YES;
				CLANG_WARN_EMPTY_BODY = YES;
				CLANG_WARN_ENUM_CONVERSION = YES;
				CLANG_WARN_INFINITE_RECURSION = YES;
				CLANG_WARN_INT_CONVERSION = YES;
				CLANG_WARN_NON_LITERAL_NULL_CONVERSION = YES;
				CLANG_WARN_OBJC_IMPLICIT_RETAIN_SELF = YES;
				CLANG_WARN_OBJC_LITERAL_CONVERSION = YES;
				CLANG_WARN_OBJC_ROOT_CLASS = YES_ERROR;
				CLANG_WARN_RANGE_LOOP_ANALYSIS = YES;
				CLANG_WARN_STRICT_PROTOTYPES = YES;
				CLANG_WARN_SUSPICIOUS_MOVE = YES;
				CLANG_WARN_UNGUARDED_AVAILABILITY = YES_AGGRESSIVE;
				CLANG_WARN_UNREACHABLE_CODE = YES;
				CLANG_WARN__DUPLICATE_METHOD_MATCH = YES;
				COPY_PHASE_STRIP = NO;
				DEBUG_INFORMATION_FORMAT = "dwarf-with-dsym";
				ENABLE_NS_ASSERTIONS = NO;
				ENABLE_STRICT_OBJC_MSGSEND = YES;
				GCC_C_LANGUAGE_STANDARD = gnu11;
				GCC_NO_COMMON_BLOCKS = YES;
				GCC_WARN_64_TO_32_BIT_CONVERSION = YES;
				GCC_WARN_ABOUT_RETURN_TYPE = YES_ERROR;
				GCC_WARN_UNDECLARED_SELECTOR = YES;
				GCC_WARN_UNINITIALIZED_AUTOS = YES_AGGRESSIVE;
				GCC_WARN_UNUSED_FUNCTION = YES;
				GCC_WARN_UNUSED_VARIABLE = YES;
				IPHONEOS_DEPLOYMENT_TARGET = 13.4;
				MTL_ENABLE_DEBUG_INFO = NO;
				MTL_FAST_MATH = YES;
				SDKROOT = iphoneos;
				SWIFT_COMPILATION_MODE = wholemodule;
				SWIFT_OPTIMIZATION_LEVEL = "-O";
				VALIDATE_PRODUCT = YES;
			};
			name = Release;
		};
		333FE7212474466F00DCB85E /* Debug */ = {
			isa = XCBuildConfiguration;
			buildSettings = {
				ASSETCATALOG_COMPILER_APPICON_NAME = AppIcon;
				CODE_SIGN_STYLE = Automatic;
				DEVELOPMENT_ASSET_PATHS = "\"Memorise/Preview Content\"";
				DEVELOPMENT_TEAM = E4Z7875R8J;
				ENABLE_PREVIEWS = YES;
				INFOPLIST_FILE = Memorise/Info.plist;
				LD_RUNPATH_SEARCH_PATHS = (
					"$(inherited)",
					"@executable_path/Frameworks",
				);
				PRODUCT_BUNDLE_IDENTIFIER = com.dchakarov.Memorise;
				PRODUCT_NAME = "$(TARGET_NAME)";
				SWIFT_VERSION = 5.0;
				TARGETED_DEVICE_FAMILY = "1,2";
			};
			name = Debug;
		};
		333FE7222474466F00DCB85E /* Release */ = {
			isa = XCBuildConfiguration;
			buildSettings = {
				ASSETCATALOG_COMPILER_APPICON_NAME = AppIcon;
				CODE_SIGN_STYLE = Automatic;
				DEVELOPMENT_ASSET_PATHS = "\"Memorise/Preview Content\"";
				DEVELOPMENT_TEAM = E4Z7875R8J;
				ENABLE_PREVIEWS = YES;
				INFOPLIST_FILE = Memorise/Info.plist;
				LD_RUNPATH_SEARCH_PATHS = (
					"$(inherited)",
					"@executable_path/Frameworks",
				);
				PRODUCT_BUNDLE_IDENTIFIER = com.dchakarov.Memorise;
				PRODUCT_NAME = "$(TARGET_NAME)";
				SWIFT_VERSION = 5.0;
				TARGETED_DEVICE_FAMILY = "1,2";
			};
			name = Release;
		};
/* End XCBuildConfiguration section */

/* Begin XCConfigurationList section */
		333FE7072474466900DCB85E /* Build configuration list for PBXProject "Memorise" */ = {
			isa = XCConfigurationList;
			buildConfigurations = (
				333FE71E2474466F00DCB85E /* Debug */,
				333FE71F2474466F00DCB85E /* Release */,
			);
			defaultConfigurationIsVisible = 0;
			defaultConfigurationName = Release;
		};
		333FE7202474466F00DCB85E /* Build configuration list for PBXNativeTarget "Memorise" */ = {
			isa = XCConfigurationList;
			buildConfigurations = (
				333FE7212474466F00DCB85E /* Debug */,
				333FE7222474466F00DCB85E /* Release */,
			);
			defaultConfigurationIsVisible = 0;
			defaultConfigurationName = Release;
		};
/* End XCConfigurationList section */
	};
	rootObject = 333FE7042474466900DCB85E /* Project object */;
}
